
Microsoft Visual Studio Solution File, Format Version 12.00
# Visual Studio Version 16
VisualStudioVersion = 16.0.30523.141
MinimumVisualStudioVersion = 10.0.40219.1
Project("{FAE04EC0-301F-11D3-BF4B-00C04F79EFBC}") = "Ejemplo 2.5", "Ejemplo 2.5\Ejemplo 2.5.csproj", "{29A56BF9-D03C-4357-967B-77342F239656}"
EndProject
Global
	GlobalSection(SolutionConfigurationPlatforms) = preSolution
		Debug|Any CPU = Debug|Any CPU
		Release|Any CPU = Release|Any CPU
	EndGlobalSection
	GlobalSection(ProjectConfigurationPlatforms) = postSolution
		{29A56BF9-D03C-4357-967B-77342F239656}.Debug|Any CPU.ActiveCfg = Debug|Any CPU
		{29A56BF9-D03C-4357-967B-77342F239656}.Debug|Any CPU.Build.0 = Debug|Any CPU
		{29A56BF9-D03C-4357-967B-77342F239656}.Release|Any CPU.ActiveCfg = Release|Any CPU
		{29A56BF9-D03C-4357-967B-77342F239656}.Release|Any CPU.Build.0 = Release|Any CPU
	EndGlobalSection
	GlobalSection(SolutionProperties) = preSolution
		HideSolutionNode = FALSE
	EndGlobalSection
	GlobalSection(ExtensibilityGlobals) = postSolution
		SolutionGuid = {563D1D8E-338A-4956-84C9-1C94506ACD6B}
	EndGlobalSection
EndGlobal
