
Microsoft Visual Studio Solution File, Format Version 12.00
# Visual Studio Version 16
VisualStudioVersion = 16.0.30523.141
MinimumVisualStudioVersion = 10.0.40219.1
Project("{FAE04EC0-301F-11D3-BF4B-00C04F79EFBC}") = "ArchivosTexto", "ArchivosTexto\ArchivosTexto.csproj", "{6FFBC7E9-84C4-47A9-B1A5-FA2D5B35A0C7}"
EndProject
Global
	GlobalSection(SolutionConfigurationPlatforms) = preSolution
		Debug|Any CPU = Debug|Any CPU
		Release|Any CPU = Release|Any CPU
	EndGlobalSection
	GlobalSection(ProjectConfigurationPlatforms) = postSolution
		{6FFBC7E9-84C4-47A9-B1A5-FA2D5B35A0C7}.Debug|Any CPU.ActiveCfg = Debug|Any CPU
		{6FFBC7E9-84C4-47A9-B1A5-FA2D5B35A0C7}.Debug|Any CPU.Build.0 = Debug|Any CPU
		{6FFBC7E9-84C4-47A9-B1A5-FA2D5B35A0C7}.Release|Any CPU.ActiveCfg = Release|Any CPU
		{6FFBC7E9-84C4-47A9-B1A5-FA2D5B35A0C7}.Release|Any CPU.Build.0 = Release|Any CPU
	EndGlobalSection
	GlobalSection(SolutionProperties) = preSolution
		HideSolutionNode = FALSE
	EndGlobalSection
	GlobalSection(ExtensibilityGlobals) = postSolution
		SolutionGuid = {041C35A6-AFEC-4097-88A5-748E78627808}
	EndGlobalSection
EndGlobal
