
Microsoft Visual Studio Solution File, Format Version 12.00
# Visual Studio Version 16
VisualStudioVersion = 16.0.30523.141
MinimumVisualStudioVersion = 10.0.40219.1
Project("{FAE04EC0-301F-11D3-BF4B-00C04F79EFBC}") = "Estructuras de Control", "Estructuras de Control\Estructuras de Control.csproj", "{AFA4766B-964D-4D8D-AB34-F31101152999}"
EndProject
Global
	GlobalSection(SolutionConfigurationPlatforms) = preSolution
		Debug|Any CPU = Debug|Any CPU
		Release|Any CPU = Release|Any CPU
	EndGlobalSection
	GlobalSection(ProjectConfigurationPlatforms) = postSolution
		{AFA4766B-964D-4D8D-AB34-F31101152999}.Debug|Any CPU.ActiveCfg = Debug|Any CPU
		{AFA4766B-964D-4D8D-AB34-F31101152999}.Debug|Any CPU.Build.0 = Debug|Any CPU
		{AFA4766B-964D-4D8D-AB34-F31101152999}.Release|Any CPU.ActiveCfg = Release|Any CPU
		{AFA4766B-964D-4D8D-AB34-F31101152999}.Release|Any CPU.Build.0 = Release|Any CPU
	EndGlobalSection
	GlobalSection(SolutionProperties) = preSolution
		HideSolutionNode = FALSE
	EndGlobalSection
	GlobalSection(ExtensibilityGlobals) = postSolution
		SolutionGuid = {7780DA9D-980B-40DD-ABF8-2C688DC9058C}
	EndGlobalSection
EndGlobal
