
Microsoft Visual Studio Solution File, Format Version 12.00
# Visual Studio Version 16
VisualStudioVersion = 16.0.30523.141
MinimumVisualStudioVersion = 10.0.40219.1
Project("{FAE04EC0-301F-11D3-BF4B-00C04F79EFBC}") = "Hipotenusa", "Hipotenusa\Hipotenusa.csproj", "{620949BA-B671-47ED-B1CF-F27FFB38AECF}"
EndProject
Global
	GlobalSection(SolutionConfigurationPlatforms) = preSolution
		Debug|Any CPU = Debug|Any CPU
		Release|Any CPU = Release|Any CPU
	EndGlobalSection
	GlobalSection(ProjectConfigurationPlatforms) = postSolution
		{620949BA-B671-47ED-B1CF-F27FFB38AECF}.Debug|Any CPU.ActiveCfg = Debug|Any CPU
		{620949BA-B671-47ED-B1CF-F27FFB38AECF}.Debug|Any CPU.Build.0 = Debug|Any CPU
		{620949BA-B671-47ED-B1CF-F27FFB38AECF}.Release|Any CPU.ActiveCfg = Release|Any CPU
		{620949BA-B671-47ED-B1CF-F27FFB38AECF}.Release|Any CPU.Build.0 = Release|Any CPU
	EndGlobalSection
	GlobalSection(SolutionProperties) = preSolution
		HideSolutionNode = FALSE
	EndGlobalSection
	GlobalSection(ExtensibilityGlobals) = postSolution
		SolutionGuid = {04A6D7C1-C8A2-40A0-B341-0032BC548BD7}
	EndGlobalSection
EndGlobal
