
Microsoft Visual Studio Solution File, Format Version 12.00
# Visual Studio Version 16
VisualStudioVersion = 16.0.30523.141
MinimumVisualStudioVersion = 10.0.40219.1
Project("{FAE04EC0-301F-11D3-BF4B-00C04F79EFBC}") = "Ejercicio 3.3", "Ejercicio 3.3\Ejercicio 3.3.csproj", "{4AF3F640-DACB-41A8-AA4F-F61CA346F558}"
EndProject
Global
	GlobalSection(SolutionConfigurationPlatforms) = preSolution
		Debug|Any CPU = Debug|Any CPU
		Release|Any CPU = Release|Any CPU
	EndGlobalSection
	GlobalSection(ProjectConfigurationPlatforms) = postSolution
		{4AF3F640-DACB-41A8-AA4F-F61CA346F558}.Debug|Any CPU.ActiveCfg = Debug|Any CPU
		{4AF3F640-DACB-41A8-AA4F-F61CA346F558}.Debug|Any CPU.Build.0 = Debug|Any CPU
		{4AF3F640-DACB-41A8-AA4F-F61CA346F558}.Release|Any CPU.ActiveCfg = Release|Any CPU
		{4AF3F640-DACB-41A8-AA4F-F61CA346F558}.Release|Any CPU.Build.0 = Release|Any CPU
	EndGlobalSection
	GlobalSection(SolutionProperties) = preSolution
		HideSolutionNode = FALSE
	EndGlobalSection
	GlobalSection(ExtensibilityGlobals) = postSolution
		SolutionGuid = {D04D3DE4-2529-4C8D-9FE7-C90B03E9FF57}
	EndGlobalSection
EndGlobal
