
Microsoft Visual Studio Solution File, Format Version 12.00
# Visual Studio Version 16
VisualStudioVersion = 16.0.30523.141
MinimumVisualStudioVersion = 10.0.40219.1
Project("{FAE04EC0-301F-11D3-BF4B-00C04F79EFBC}") = "Ejercicio 3.13", "Ejercicio 3.13\Ejercicio 3.13.csproj", "{E506A8A6-BF82-449A-8842-F792A4C851C3}"
EndProject
Global
	GlobalSection(SolutionConfigurationPlatforms) = preSolution
		Debug|Any CPU = Debug|Any CPU
		Release|Any CPU = Release|Any CPU
	EndGlobalSection
	GlobalSection(ProjectConfigurationPlatforms) = postSolution
		{E506A8A6-BF82-449A-8842-F792A4C851C3}.Debug|Any CPU.ActiveCfg = Debug|Any CPU
		{E506A8A6-BF82-449A-8842-F792A4C851C3}.Debug|Any CPU.Build.0 = Debug|Any CPU
		{E506A8A6-BF82-449A-8842-F792A4C851C3}.Release|Any CPU.ActiveCfg = Release|Any CPU
		{E506A8A6-BF82-449A-8842-F792A4C851C3}.Release|Any CPU.Build.0 = Release|Any CPU
	EndGlobalSection
	GlobalSection(SolutionProperties) = preSolution
		HideSolutionNode = FALSE
	EndGlobalSection
	GlobalSection(ExtensibilityGlobals) = postSolution
		SolutionGuid = {EAB9E6D5-19EA-43D8-ADE0-CAA6EDF372BC}
	EndGlobalSection
EndGlobal
