
Microsoft Visual Studio Solution File, Format Version 12.00
# Visual Studio Version 16
VisualStudioVersion = 16.0.30523.141
MinimumVisualStudioVersion = 10.0.40219.1
Project("{FAE04EC0-301F-11D3-BF4B-00C04F79EFBC}") = "Ejemplo 3.7", "Ejemplo 3.7\Ejemplo 3.7.csproj", "{C10D358B-7601-4AEC-9BFD-3E2180161FCF}"
EndProject
Global
	GlobalSection(SolutionConfigurationPlatforms) = preSolution
		Debug|Any CPU = Debug|Any CPU
		Release|Any CPU = Release|Any CPU
	EndGlobalSection
	GlobalSection(ProjectConfigurationPlatforms) = postSolution
		{C10D358B-7601-4AEC-9BFD-3E2180161FCF}.Debug|Any CPU.ActiveCfg = Debug|Any CPU
		{C10D358B-7601-4AEC-9BFD-3E2180161FCF}.Debug|Any CPU.Build.0 = Debug|Any CPU
		{C10D358B-7601-4AEC-9BFD-3E2180161FCF}.Release|Any CPU.ActiveCfg = Release|Any CPU
		{C10D358B-7601-4AEC-9BFD-3E2180161FCF}.Release|Any CPU.Build.0 = Release|Any CPU
	EndGlobalSection
	GlobalSection(SolutionProperties) = preSolution
		HideSolutionNode = FALSE
	EndGlobalSection
	GlobalSection(ExtensibilityGlobals) = postSolution
		SolutionGuid = {35C5C262-7F64-42F4-8C8E-E38095A86263}
	EndGlobalSection
EndGlobal
