
Microsoft Visual Studio Solution File, Format Version 12.00
# Visual Studio Version 16
VisualStudioVersion = 16.0.30523.141
MinimumVisualStudioVersion = 10.0.40219.1
Project("{FAE04EC0-301F-11D3-BF4B-00C04F79EFBC}") = "Ejemplo 2.10", "Ejemplo 2.10\Ejemplo 2.10.csproj", "{F22BB50D-C2D8-4C6F-B7EE-61138FA7B748}"
EndProject
Global
	GlobalSection(SolutionConfigurationPlatforms) = preSolution
		Debug|Any CPU = Debug|Any CPU
		Release|Any CPU = Release|Any CPU
	EndGlobalSection
	GlobalSection(ProjectConfigurationPlatforms) = postSolution
		{F22BB50D-C2D8-4C6F-B7EE-61138FA7B748}.Debug|Any CPU.ActiveCfg = Debug|Any CPU
		{F22BB50D-C2D8-4C6F-B7EE-61138FA7B748}.Debug|Any CPU.Build.0 = Debug|Any CPU
		{F22BB50D-C2D8-4C6F-B7EE-61138FA7B748}.Release|Any CPU.ActiveCfg = Release|Any CPU
		{F22BB50D-C2D8-4C6F-B7EE-61138FA7B748}.Release|Any CPU.Build.0 = Release|Any CPU
	EndGlobalSection
	GlobalSection(SolutionProperties) = preSolution
		HideSolutionNode = FALSE
	EndGlobalSection
	GlobalSection(ExtensibilityGlobals) = postSolution
		SolutionGuid = {A18130DD-A7CA-4516-B372-83F5B95EB6E6}
	EndGlobalSection
EndGlobal
