
Microsoft Visual Studio Solution File, Format Version 12.00
# Visual Studio Version 17
VisualStudioVersion = 17.2.32630.192
MinimumVisualStudioVersion = 10.0.40219.1
Project("{8BC9CEB8-8B4A-11D0-8D11-00A0C91BC942}") = "Actividad 06", "Actividad 06\Actividad 06.vcxproj", "{16FEE03E-07F6-4DD4-845F-A428A3F9751B}"
EndProject
Global
	GlobalSection(SolutionConfigurationPlatforms) = preSolution
		Debug|x64 = Debug|x64
		Debug|x86 = Debug|x86
		Release|x64 = Release|x64
		Release|x86 = Release|x86
	EndGlobalSection
	GlobalSection(ProjectConfigurationPlatforms) = postSolution
		{16FEE03E-07F6-4DD4-845F-A428A3F9751B}.Debug|x64.ActiveCfg = Debug|x64
		{16FEE03E-07F6-4DD4-845F-A428A3F9751B}.Debug|x64.Build.0 = Debug|x64
		{16FEE03E-07F6-4DD4-845F-A428A3F9751B}.Debug|x86.ActiveCfg = Debug|Win32
		{16FEE03E-07F6-4DD4-845F-A428A3F9751B}.Debug|x86.Build.0 = Debug|Win32
		{16FEE03E-07F6-4DD4-845F-A428A3F9751B}.Release|x64.ActiveCfg = Release|x64
		{16FEE03E-07F6-4DD4-845F-A428A3F9751B}.Release|x64.Build.0 = Release|x64
		{16FEE03E-07F6-4DD4-845F-A428A3F9751B}.Release|x86.ActiveCfg = Release|Win32
		{16FEE03E-07F6-4DD4-845F-A428A3F9751B}.Release|x86.Build.0 = Release|Win32
	EndGlobalSection
	GlobalSection(SolutionProperties) = preSolution
		HideSolutionNode = FALSE
	EndGlobalSection
	GlobalSection(ExtensibilityGlobals) = postSolution
		SolutionGuid = {545F9226-ECF8-47C9-8A77-E3879CCE340F}
	EndGlobalSection
EndGlobal
