
Microsoft Visual Studio Solution File, Format Version 12.00
# Visual Studio Version 16
VisualStudioVersion = 16.0.30523.141
MinimumVisualStudioVersion = 10.0.40219.1
Project("{FAE04EC0-301F-11D3-BF4B-00C04F79EFBC}") = "Ejemplo 2.2", "Ejemplo 2.2\Ejemplo 2.2.csproj", "{21BD40ED-BF94-4AD8-9068-D4F64A81E30A}"
EndProject
Global
	GlobalSection(SolutionConfigurationPlatforms) = preSolution
		Debug|Any CPU = Debug|Any CPU
		Release|Any CPU = Release|Any CPU
	EndGlobalSection
	GlobalSection(ProjectConfigurationPlatforms) = postSolution
		{21BD40ED-BF94-4AD8-9068-D4F64A81E30A}.Debug|Any CPU.ActiveCfg = Debug|Any CPU
		{21BD40ED-BF94-4AD8-9068-D4F64A81E30A}.Debug|Any CPU.Build.0 = Debug|Any CPU
		{21BD40ED-BF94-4AD8-9068-D4F64A81E30A}.Release|Any CPU.ActiveCfg = Release|Any CPU
		{21BD40ED-BF94-4AD8-9068-D4F64A81E30A}.Release|Any CPU.Build.0 = Release|Any CPU
	EndGlobalSection
	GlobalSection(SolutionProperties) = preSolution
		HideSolutionNode = FALSE
	EndGlobalSection
	GlobalSection(ExtensibilityGlobals) = postSolution
		SolutionGuid = {2DDC92E1-58AD-4D9A-84CC-35F829C16A02}
	EndGlobalSection
EndGlobal
