
Microsoft Visual Studio Solution File, Format Version 12.00
# Visual Studio Version 16
VisualStudioVersion = 16.0.30523.141
MinimumVisualStudioVersion = 10.0.40219.1
Project("{FAE04EC0-301F-11D3-BF4B-00C04F79EFBC}") = "Ejercicio 3.1", "Ejercicio 3.1\Ejercicio 3.1.csproj", "{FD3F6A4A-AD77-4612-AA31-3AEA31F529B8}"
EndProject
Global
	GlobalSection(SolutionConfigurationPlatforms) = preSolution
		Debug|Any CPU = Debug|Any CPU
		Release|Any CPU = Release|Any CPU
	EndGlobalSection
	GlobalSection(ProjectConfigurationPlatforms) = postSolution
		{FD3F6A4A-AD77-4612-AA31-3AEA31F529B8}.Debug|Any CPU.ActiveCfg = Debug|Any CPU
		{FD3F6A4A-AD77-4612-AA31-3AEA31F529B8}.Debug|Any CPU.Build.0 = Debug|Any CPU
		{FD3F6A4A-AD77-4612-AA31-3AEA31F529B8}.Release|Any CPU.ActiveCfg = Release|Any CPU
		{FD3F6A4A-AD77-4612-AA31-3AEA31F529B8}.Release|Any CPU.Build.0 = Release|Any CPU
	EndGlobalSection
	GlobalSection(SolutionProperties) = preSolution
		HideSolutionNode = FALSE
	EndGlobalSection
	GlobalSection(ExtensibilityGlobals) = postSolution
		SolutionGuid = {BA016EC8-2EB8-4136-880C-1475FCC4AED1}
	EndGlobalSection
EndGlobal
