
Microsoft Visual Studio Solution File, Format Version 12.00
# Visual Studio Version 16
VisualStudioVersion = 16.0.30523.141
MinimumVisualStudioVersion = 10.0.40219.1
Project("{FAE04EC0-301F-11D3-BF4B-00C04F79EFBC}") = "Ejercicio 3.4", "Ejercicio 3.4\Ejercicio 3.4.csproj", "{23529C9D-495A-4692-820D-3F9F0C6DF2AE}"
EndProject
Global
	GlobalSection(SolutionConfigurationPlatforms) = preSolution
		Debug|Any CPU = Debug|Any CPU
		Release|Any CPU = Release|Any CPU
	EndGlobalSection
	GlobalSection(ProjectConfigurationPlatforms) = postSolution
		{23529C9D-495A-4692-820D-3F9F0C6DF2AE}.Debug|Any CPU.ActiveCfg = Debug|Any CPU
		{23529C9D-495A-4692-820D-3F9F0C6DF2AE}.Debug|Any CPU.Build.0 = Debug|Any CPU
		{23529C9D-495A-4692-820D-3F9F0C6DF2AE}.Release|Any CPU.ActiveCfg = Release|Any CPU
		{23529C9D-495A-4692-820D-3F9F0C6DF2AE}.Release|Any CPU.Build.0 = Release|Any CPU
	EndGlobalSection
	GlobalSection(SolutionProperties) = preSolution
		HideSolutionNode = FALSE
	EndGlobalSection
	GlobalSection(ExtensibilityGlobals) = postSolution
		SolutionGuid = {BC05E4C7-E233-4813-A753-37C33CCC4A98}
	EndGlobalSection
EndGlobal
