
Microsoft Visual Studio Solution File, Format Version 12.00
# Visual Studio Version 16
VisualStudioVersion = 16.0.30523.141
MinimumVisualStudioVersion = 10.0.40219.1
Project("{FAE04EC0-301F-11D3-BF4B-00C04F79EFBC}") = "Ejemplo 3.8", "Ejemplo 3.8\Ejemplo 3.8.csproj", "{A8D98520-6D94-4FF8-A6DB-FC60CC962CD2}"
EndProject
Global
	GlobalSection(SolutionConfigurationPlatforms) = preSolution
		Debug|Any CPU = Debug|Any CPU
		Release|Any CPU = Release|Any CPU
	EndGlobalSection
	GlobalSection(ProjectConfigurationPlatforms) = postSolution
		{A8D98520-6D94-4FF8-A6DB-FC60CC962CD2}.Debug|Any CPU.ActiveCfg = Debug|Any CPU
		{A8D98520-6D94-4FF8-A6DB-FC60CC962CD2}.Debug|Any CPU.Build.0 = Debug|Any CPU
		{A8D98520-6D94-4FF8-A6DB-FC60CC962CD2}.Release|Any CPU.ActiveCfg = Release|Any CPU
		{A8D98520-6D94-4FF8-A6DB-FC60CC962CD2}.Release|Any CPU.Build.0 = Release|Any CPU
	EndGlobalSection
	GlobalSection(SolutionProperties) = preSolution
		HideSolutionNode = FALSE
	EndGlobalSection
	GlobalSection(ExtensibilityGlobals) = postSolution
		SolutionGuid = {A3012004-EE50-4F13-9280-EE4803FE9365}
	EndGlobalSection
EndGlobal
