
Microsoft Visual Studio Solution File, Format Version 12.00
# Visual Studio Version 16
VisualStudioVersion = 16.0.30523.141
MinimumVisualStudioVersion = 10.0.40219.1
Project("{FAE04EC0-301F-11D3-BF4B-00C04F79EFBC}") = "Ejemplo 3.10", "Ejemplo 3.10\Ejemplo 3.10.csproj", "{6FA37937-02FD-447B-8DE6-16D9DFFAF692}"
EndProject
Global
	GlobalSection(SolutionConfigurationPlatforms) = preSolution
		Debug|Any CPU = Debug|Any CPU
		Release|Any CPU = Release|Any CPU
	EndGlobalSection
	GlobalSection(ProjectConfigurationPlatforms) = postSolution
		{6FA37937-02FD-447B-8DE6-16D9DFFAF692}.Debug|Any CPU.ActiveCfg = Debug|Any CPU
		{6FA37937-02FD-447B-8DE6-16D9DFFAF692}.Debug|Any CPU.Build.0 = Debug|Any CPU
		{6FA37937-02FD-447B-8DE6-16D9DFFAF692}.Release|Any CPU.ActiveCfg = Release|Any CPU
		{6FA37937-02FD-447B-8DE6-16D9DFFAF692}.Release|Any CPU.Build.0 = Release|Any CPU
	EndGlobalSection
	GlobalSection(SolutionProperties) = preSolution
		HideSolutionNode = FALSE
	EndGlobalSection
	GlobalSection(ExtensibilityGlobals) = postSolution
		SolutionGuid = {DCC805DD-94D0-4705-A829-96C48C91303E}
	EndGlobalSection
EndGlobal
