
Microsoft Visual Studio Solution File, Format Version 12.00
# Visual Studio Version 16
VisualStudioVersion = 16.0.30523.141
MinimumVisualStudioVersion = 10.0.40219.1
Project("{FAE04EC0-301F-11D3-BF4B-00C04F79EFBC}") = "Examen 2", "Examen 2\Examen 2.csproj", "{8DAE082B-9B8E-4734-BB8F-ADDDA5529479}"
EndProject
Global
	GlobalSection(SolutionConfigurationPlatforms) = preSolution
		Debug|Any CPU = Debug|Any CPU
		Release|Any CPU = Release|Any CPU
	EndGlobalSection
	GlobalSection(ProjectConfigurationPlatforms) = postSolution
		{8DAE082B-9B8E-4734-BB8F-ADDDA5529479}.Debug|Any CPU.ActiveCfg = Debug|Any CPU
		{8DAE082B-9B8E-4734-BB8F-ADDDA5529479}.Debug|Any CPU.Build.0 = Debug|Any CPU
		{8DAE082B-9B8E-4734-BB8F-ADDDA5529479}.Release|Any CPU.ActiveCfg = Release|Any CPU
		{8DAE082B-9B8E-4734-BB8F-ADDDA5529479}.Release|Any CPU.Build.0 = Release|Any CPU
	EndGlobalSection
	GlobalSection(SolutionProperties) = preSolution
		HideSolutionNode = FALSE
	EndGlobalSection
	GlobalSection(ExtensibilityGlobals) = postSolution
		SolutionGuid = {AE85798F-DE95-4713-AFC0-DC93EE4FB7F2}
	EndGlobalSection
EndGlobal
